
Microsoft Visual Studio Solution File, Format Version 12.00
Project("{FAE04EC0-301F-11D3-BF4B-00C04F79EFBC}") = "CS_programovani_19_20", "CS_programovani_19_20\CS_programovani_19_20.csproj", "{0FC96931-E078-49A4-9CD7-53FAAC358F64}"
EndProject
Project("{FAE04EC0-301F-11D3-BF4B-00C04F79EFBC}") = "CS_programovani_21", "..\21\CS_programovani_21\CS_programovani_21.csproj", "{AB066D98-B76A-4311-97F4-94FC1D8BC850}"
EndProject
Global
	GlobalSection(SolutionConfigurationPlatforms) = preSolution
		Debug|Any CPU = Debug|Any CPU
		Release|Any CPU = Release|Any CPU
	EndGlobalSection
	GlobalSection(ProjectConfigurationPlatforms) = postSolution
		{0FC96931-E078-49A4-9CD7-53FAAC358F64}.Debug|Any CPU.ActiveCfg = Debug|Any CPU
		{0FC96931-E078-49A4-9CD7-53FAAC358F64}.Debug|Any CPU.Build.0 = Debug|Any CPU
		{0FC96931-E078-49A4-9CD7-53FAAC358F64}.Release|Any CPU.ActiveCfg = Release|Any CPU
		{0FC96931-E078-49A4-9CD7-53FAAC358F64}.Release|Any CPU.Build.0 = Release|Any CPU
		{AB066D98-B76A-4311-97F4-94FC1D8BC850}.Debug|Any CPU.ActiveCfg = Debug|Any CPU
		{AB066D98-B76A-4311-97F4-94FC1D8BC850}.Debug|Any CPU.Build.0 = Debug|Any CPU
		{AB066D98-B76A-4311-97F4-94FC1D8BC850}.Release|Any CPU.ActiveCfg = Release|Any CPU
		{AB066D98-B76A-4311-97F4-94FC1D8BC850}.Release|Any CPU.Build.0 = Release|Any CPU
	EndGlobalSection
EndGlobal
